// !$*UTF8*$!
{
	archiveVersion = 1;
	classes = {
	};
	objectVersion = 55;
	objects = {

/* Begin PBXBuildFile section */
		0ABD56AC288534A2001DF711 /* AppDelegate.swift in Sources */ = {isa = PBXBuildFile; fileRef = 0ABD56AB288534A2001DF711 /* AppDelegate.swift */; };
		0ABD56AE288534A2001DF711 /* SceneDelegate.swift in Sources */ = {isa = PBXBuildFile; fileRef = 0ABD56AD288534A2001DF711 /* SceneDelegate.swift */; };
		0ABD56B5288534A3001DF711 /* Assets.xcassets in Resources */ = {isa = PBXBuildFile; fileRef = 0ABD56B4288534A3001DF711 /* Assets.xcassets */; };
		0ABD56DC28853555001DF711 /* Extensions.swift in Sources */ = {isa = PBXBuildFile; fileRef = 0ABD56DB28853555001DF711 /* Extensions.swift */; };
		0ABD56E428853691001DF711 /* MainTabBarViewController.swift in Sources */ = {isa = PBXBuildFile; fileRef = 0ABD56E328853691001DF711 /* MainTabBarViewController.swift */; };
		0ABD56E8288536DC001DF711 /* HomeViewController.swift in Sources */ = {isa = PBXBuildFile; fileRef = 0ABD56E7288536DC001DF711 /* HomeViewController.swift */; };
		0ABD56EA28853701001DF711 /* SearchViewController.swift in Sources */ = {isa = PBXBuildFile; fileRef = 0ABD56E928853701001DF711 /* SearchViewController.swift */; };
		0ABD56EC28853718001DF711 /* UserViewController.swift in Sources */ = {isa = PBXBuildFile; fileRef = 0ABD56EB28853718001DF711 /* UserViewController.swift */; };
		0ABD56EF288575B1001DF711 /* ModifyPostViewController.swift in Sources */ = {isa = PBXBuildFile; fileRef = 0ABD56EE288575B1001DF711 /* ModifyPostViewController.swift */; };
		0ABD56F128857F9B001DF711 /* TextFieldExtension.swift in Sources */ = {isa = PBXBuildFile; fileRef = 0ABD56F028857F9B001DF711 /* TextFieldExtension.swift */; };
		0ABD59C72885B11600B70589 /* LayerExtension.swift in Sources */ = {isa = PBXBuildFile; fileRef = 0ABD59C62885B11600B70589 /* LayerExtension.swift */; };
		0ABD5A092887EA7500B70589 /* NewUploadViewController.swift in Sources */ = {isa = PBXBuildFile; fileRef = 0ABD5A082887EA7500B70589 /* NewUploadViewController.swift */; };
		0ABD5A0B2888471B00B70589 /* StringExtension.swift in Sources */ = {isa = PBXBuildFile; fileRef = 0ABD5A0A2888471B00B70589 /* StringExtension.swift */; };
		59BEF7E2CE0DEA659F422C7B /* UserFeedCollectionReusableView.swift in Sources */ = {isa = PBXBuildFile; fileRef = 59BEFE8BF5D049F3D0CEF035 /* UserFeedCollectionReusableView.swift */; };
		9409743B2893D567007A9B6A /* FontExtension.swift in Sources */ = {isa = PBXBuildFile; fileRef = 9409743A2893D567007A9B6A /* FontExtension.swift */; };
		9409743D2893D573007A9B6A /* SFCompact.ttf in Resources */ = {isa = PBXBuildFile; fileRef = 9409743C2893D573007A9B6A /* SFCompact.ttf */; };
		943264D6288A752D003A789A /* Spectrogram.swift in Sources */ = {isa = PBXBuildFile; fileRef = 943264D5288A752D003A789A /* Spectrogram.swift */; };
		943264DA288A9C2E003A789A /* SpectrogramExtension.swift in Sources */ = {isa = PBXBuildFile; fileRef = 943264D9288A9C2E003A789A /* SpectrogramExtension.swift */; };
		94E382BF288FC61D00026EA8 /* SpectrogramViewController.swift in Sources */ = {isa = PBXBuildFile; fileRef = 94E382BE288FC61D00026EA8 /* SpectrogramViewController.swift */; };
		B67F8F95289526110098083A /* UserSingleFeedViewController.swift in Sources */ = {isa = PBXBuildFile; fileRef = B67F8F94289526110098083A /* UserSingleFeedViewController.swift */; };
		B69B1DF4288ECA21000BB036 /* HomeFeedCollectionViewCell.swift in Sources */ = {isa = PBXBuildFile; fileRef = B69B1DF3288ECA21000BB036 /* HomeFeedCollectionViewCell.swift */; };
		B6A859C1289275CE00912725 /* happyDay.mp3 in Resources */ = {isa = PBXBuildFile; fileRef = B6A859C0289275CE00912725 /* happyDay.mp3 */; };
		B6A859C3289275D400912725 /* exampleFile.mp3 in Resources */ = {isa = PBXBuildFile; fileRef = B6A859C2289275D400912725 /* exampleFile.mp3 */; };
		C651E9FA288542C3002BBAA8 /* UserModel.swift in Sources */ = {isa = PBXBuildFile; fileRef = C651E9F9288542C3002BBAA8 /* UserModel.swift */; };
		C651E9FC2885458D002BBAA8 /* FeedModel.swift in Sources */ = {isa = PBXBuildFile; fileRef = C651E9FB2885458D002BBAA8 /* FeedModel.swift */; };
		C651E9FE28854706002BBAA8 /* JsonManager.swift in Sources */ = {isa = PBXBuildFile; fileRef = C651E9FD28854706002BBAA8 /* JsonManager.swift */; };
		C651EA012885483C002BBAA8 /* Feed.json in Resources */ = {isa = PBXBuildFile; fileRef = C651EA002885483C002BBAA8 /* Feed.json */; };
		C688BE4228925D4300E876B8 /* DataManager.swift in Sources */ = {isa = PBXBuildFile; fileRef = C688BE4128925D4300E876B8 /* DataManager.swift */; };
		C688BE4428925F5700E876B8 /* UserFeedCollectionViewCell.swift in Sources */ = {isa = PBXBuildFile; fileRef = C688BE4328925F5700E876B8 /* UserFeedCollectionViewCell.swift */; };
		C688BE4928939B9000E876B8 /* UserOwnedFeeds.json in Resources */ = {isa = PBXBuildFile; fileRef = C688BE4828939B9000E876B8 /* UserOwnedFeeds.json */; };
/* End PBXBuildFile section */

/* Begin PBXContainerItemProxy section */
		0ABD56BF288534A3001DF711 /* PBXContainerItemProxy */ = {
			isa = PBXContainerItemProxy;
			containerPortal = 0ABD56A0288534A2001DF711 /* Project object */;
			proxyType = 1;
			remoteGlobalIDString = 0ABD56A7288534A2001DF711;
			remoteInfo = Wavegram;
		};
		0ABD56C9288534A3001DF711 /* PBXContainerItemProxy */ = {
			isa = PBXContainerItemProxy;
			containerPortal = 0ABD56A0288534A2001DF711 /* Project object */;
			proxyType = 1;
			remoteGlobalIDString = 0ABD56A7288534A2001DF711;
			remoteInfo = Wavegram;
		};
/* End PBXContainerItemProxy section */

/* Begin PBXFileReference section */
		0ABD56A8288534A2001DF711 /* Wavegram.app */ = {isa = PBXFileReference; explicitFileType = wrapper.application; includeInIndex = 0; path = Wavegram.app; sourceTree = BUILT_PRODUCTS_DIR; };
		0ABD56AB288534A2001DF711 /* AppDelegate.swift */ = {isa = PBXFileReference; lastKnownFileType = sourcecode.swift; path = AppDelegate.swift; sourceTree = "<group>"; };
		0ABD56AD288534A2001DF711 /* SceneDelegate.swift */ = {isa = PBXFileReference; lastKnownFileType = sourcecode.swift; path = SceneDelegate.swift; sourceTree = "<group>"; };
		0ABD56B4288534A3001DF711 /* Assets.xcassets */ = {isa = PBXFileReference; lastKnownFileType = folder.assetcatalog; path = Assets.xcassets; sourceTree = "<group>"; };
		0ABD56B9288534A3001DF711 /* Info.plist */ = {isa = PBXFileReference; lastKnownFileType = text.plist.xml; path = Info.plist; sourceTree = "<group>"; };
		0ABD56BE288534A3001DF711 /* WavegramTests.xctest */ = {isa = PBXFileReference; explicitFileType = wrapper.cfbundle; includeInIndex = 0; path = WavegramTests.xctest; sourceTree = BUILT_PRODUCTS_DIR; };
		0ABD56C8288534A3001DF711 /* WavegramUITests.xctest */ = {isa = PBXFileReference; explicitFileType = wrapper.cfbundle; includeInIndex = 0; path = WavegramUITests.xctest; sourceTree = BUILT_PRODUCTS_DIR; };
		0ABD56DB28853555001DF711 /* Extensions.swift */ = {isa = PBXFileReference; fileEncoding = 4; lastKnownFileType = sourcecode.swift; path = Extensions.swift; sourceTree = "<group>"; };
		0ABD56E328853691001DF711 /* MainTabBarViewController.swift */ = {isa = PBXFileReference; lastKnownFileType = sourcecode.swift; path = MainTabBarViewController.swift; sourceTree = "<group>"; };
		0ABD56E7288536DC001DF711 /* HomeViewController.swift */ = {isa = PBXFileReference; lastKnownFileType = sourcecode.swift; path = HomeViewController.swift; sourceTree = "<group>"; };
		0ABD56E928853701001DF711 /* SearchViewController.swift */ = {isa = PBXFileReference; lastKnownFileType = sourcecode.swift; path = SearchViewController.swift; sourceTree = "<group>"; };
		0ABD56EB28853718001DF711 /* UserViewController.swift */ = {isa = PBXFileReference; lastKnownFileType = sourcecode.swift; path = UserViewController.swift; sourceTree = "<group>"; };
		0ABD56EE288575B1001DF711 /* ModifyPostViewController.swift */ = {isa = PBXFileReference; lastKnownFileType = sourcecode.swift; path = ModifyPostViewController.swift; sourceTree = "<group>"; };
		0ABD56F028857F9B001DF711 /* TextFieldExtension.swift */ = {isa = PBXFileReference; lastKnownFileType = sourcecode.swift; path = TextFieldExtension.swift; sourceTree = "<group>"; };
		0ABD59C62885B11600B70589 /* LayerExtension.swift */ = {isa = PBXFileReference; lastKnownFileType = sourcecode.swift; path = LayerExtension.swift; sourceTree = "<group>"; };
		0ABD5A082887EA7500B70589 /* NewUploadViewController.swift */ = {isa = PBXFileReference; lastKnownFileType = sourcecode.swift; path = NewUploadViewController.swift; sourceTree = "<group>"; };
		0ABD5A0A2888471B00B70589 /* StringExtension.swift */ = {isa = PBXFileReference; lastKnownFileType = sourcecode.swift; path = StringExtension.swift; sourceTree = "<group>"; };
		59BEFE8BF5D049F3D0CEF035 /* UserFeedCollectionReusableView.swift */ = {isa = PBXFileReference; fileEncoding = 4; lastKnownFileType = sourcecode.swift; path = UserFeedCollectionReusableView.swift; sourceTree = "<group>"; };
		9409743A2893D567007A9B6A /* FontExtension.swift */ = {isa = PBXFileReference; fileEncoding = 4; lastKnownFileType = sourcecode.swift; path = FontExtension.swift; sourceTree = "<group>"; };
		9409743C2893D573007A9B6A /* SFCompact.ttf */ = {isa = PBXFileReference; lastKnownFileType = file; path = SFCompact.ttf; sourceTree = "<group>"; };
		943264D5288A752D003A789A /* Spectrogram.swift */ = {isa = PBXFileReference; lastKnownFileType = sourcecode.swift; path = Spectrogram.swift; sourceTree = "<group>"; };
		943264D9288A9C2E003A789A /* SpectrogramExtension.swift */ = {isa = PBXFileReference; lastKnownFileType = sourcecode.swift; path = SpectrogramExtension.swift; sourceTree = "<group>"; };
		94E382BE288FC61D00026EA8 /* SpectrogramViewController.swift */ = {isa = PBXFileReference; lastKnownFileType = sourcecode.swift; path = SpectrogramViewController.swift; sourceTree = "<group>"; };
		B67F8F94289526110098083A /* UserSingleFeedViewController.swift */ = {isa = PBXFileReference; lastKnownFileType = sourcecode.swift; path = UserSingleFeedViewController.swift; sourceTree = "<group>"; };
		B69B1DF3288ECA21000BB036 /* HomeFeedCollectionViewCell.swift */ = {isa = PBXFileReference; lastKnownFileType = sourcecode.swift; path = HomeFeedCollectionViewCell.swift; sourceTree = "<group>"; };
		B6A859C0289275CE00912725 /* happyDay.mp3 */ = {isa = PBXFileReference; lastKnownFileType = audio.mp3; path = happyDay.mp3; sourceTree = "<group>"; };
		B6A859C2289275D400912725 /* exampleFile.mp3 */ = {isa = PBXFileReference; lastKnownFileType = audio.mp3; path = exampleFile.mp3; sourceTree = "<group>"; };
		C651E9F9288542C3002BBAA8 /* UserModel.swift */ = {isa = PBXFileReference; lastKnownFileType = sourcecode.swift; path = UserModel.swift; sourceTree = "<group>"; };
		C651E9FB2885458D002BBAA8 /* FeedModel.swift */ = {isa = PBXFileReference; lastKnownFileType = sourcecode.swift; path = FeedModel.swift; sourceTree = "<group>"; };
		C651E9FD28854706002BBAA8 /* JsonManager.swift */ = {isa = PBXFileReference; lastKnownFileType = sourcecode.swift; path = JsonManager.swift; sourceTree = "<group>"; };
		C651EA002885483C002BBAA8 /* Feed.json */ = {isa = PBXFileReference; lastKnownFileType = text.json; path = Feed.json; sourceTree = "<group>"; };
		C688BE4128925D4300E876B8 /* DataManager.swift */ = {isa = PBXFileReference; lastKnownFileType = sourcecode.swift; path = DataManager.swift; sourceTree = "<group>"; };
		C688BE4328925F5700E876B8 /* UserFeedCollectionViewCell.swift */ = {isa = PBXFileReference; lastKnownFileType = sourcecode.swift; path = UserFeedCollectionViewCell.swift; sourceTree = "<group>"; };
		C688BE4828939B9000E876B8 /* UserOwnedFeeds.json */ = {isa = PBXFileReference; lastKnownFileType = text.json; path = UserOwnedFeeds.json; sourceTree = "<group>"; };
		C688BE4A28939BA700E876B8 /* UserContributedFeeds.json */ = {isa = PBXFileReference; lastKnownFileType = text.json; path = UserContributedFeeds.json; sourceTree = "<group>"; };
/* End PBXFileReference section */

/* Begin PBXFrameworksBuildPhase section */
		0ABD56A5288534A2001DF711 /* Frameworks */ = {
			isa = PBXFrameworksBuildPhase;
			buildActionMask = 2147483647;
			files = (
			);
			runOnlyForDeploymentPostprocessing = 0;
		};
		0ABD56BB288534A3001DF711 /* Frameworks */ = {
			isa = PBXFrameworksBuildPhase;
			buildActionMask = 2147483647;
			files = (
			);
			runOnlyForDeploymentPostprocessing = 0;
		};
		0ABD56C5288534A3001DF711 /* Frameworks */ = {
			isa = PBXFrameworksBuildPhase;
			buildActionMask = 2147483647;
			files = (
			);
			runOnlyForDeploymentPostprocessing = 0;
		};
/* End PBXFrameworksBuildPhase section */

/* Begin PBXGroup section */
		0ABD569F288534A2001DF711 = {
			isa = PBXGroup;
			children = (
				0ABD56AA288534A2001DF711 /* Wavegram */,
				0ABD56A9288534A2001DF711 /* Products */,
			);
			sourceTree = "<group>";
		};
		0ABD56A9288534A2001DF711 /* Products */ = {
			isa = PBXGroup;
			children = (
				0ABD56A8288534A2001DF711 /* Wavegram.app */,
				0ABD56BE288534A3001DF711 /* WavegramTests.xctest */,
				0ABD56C8288534A3001DF711 /* WavegramUITests.xctest */,
			);
			name = Products;
			sourceTree = "<group>";
		};
		0ABD56AA288534A2001DF711 /* Wavegram */ = {
			isa = PBXGroup;
			children = (
				C651E9F128853E6F002BBAA8 /* Models */,
				0ABD56ED28853741001DF711 /* Controllers */,
				C651E9F228853F5B002BBAA8 /* Managers */,
				C651E9FF28854811002BBAA8 /* Resources */,
				C651EA0228855081002BBAA8 /* Extension */,
				0ABD56B9288534A3001DF711 /* Info.plist */,
				59BEF362E7EE33D2002C7B18 /* Views */,
			);
			path = Wavegram;
			sourceTree = "<group>";
		};
		0ABD56ED28853741001DF711 /* Controllers */ = {
			isa = PBXGroup;
			children = (
				0ABD56E328853691001DF711 /* MainTabBarViewController.swift */,
				0ABD56E7288536DC001DF711 /* HomeViewController.swift */,
				0ABD56E928853701001DF711 /* SearchViewController.swift */,
				0ABD56EB28853718001DF711 /* UserViewController.swift */,
				0ABD56EE288575B1001DF711 /* ModifyPostViewController.swift */,
				0ABD5A082887EA7500B70589 /* NewUploadViewController.swift */,
				94E382BE288FC61D00026EA8 /* SpectrogramViewController.swift */,
				B67F8F94289526110098083A /* UserSingleFeedViewController.swift */,
			);
			path = Controllers;
			sourceTree = "<group>";
		};
		59BEF362E7EE33D2002C7B18 /* Views */ = {
			isa = PBXGroup;
			children = (
				59BEFE8BF5D049F3D0CEF035 /* UserFeedCollectionReusableView.swift */,
				C688BE4328925F5700E876B8 /* UserFeedCollectionViewCell.swift */,
				943264D5288A752D003A789A /* Spectrogram.swift */,
				B69B1DF3288ECA21000BB036 /* HomeFeedCollectionViewCell.swift */,
			);
			path = Views;
			sourceTree = "<group>";
		};
		94BEF125288E910E00B0683F /* Font */ = {
			isa = PBXGroup;
			children = (
				9409743C2893D573007A9B6A /* SFCompact.ttf */,
			);
			path = Font;
			sourceTree = "<group>";
		};
		B6A859BF289275BB00912725 /* Audio */ = {
			isa = PBXGroup;
			children = (
				B6A859C0289275CE00912725 /* happyDay.mp3 */,
				B6A859C2289275D400912725 /* exampleFile.mp3 */,
			);
			path = Audio;
			sourceTree = "<group>";
		};
		C651E9F128853E6F002BBAA8 /* Models */ = {
			isa = PBXGroup;
			children = (
				C651E9F9288542C3002BBAA8 /* UserModel.swift */,
				C651E9FB2885458D002BBAA8 /* FeedModel.swift */,
			);
			path = Models;
			sourceTree = "<group>";
		};
		C651E9F228853F5B002BBAA8 /* Managers */ = {
			isa = PBXGroup;
			children = (
				C651E9FD28854706002BBAA8 /* JsonManager.swift */,
				C688BE4128925D4300E876B8 /* DataManager.swift */,
			);
			path = Managers;
			sourceTree = "<group>";
		};
		C651E9FF28854811002BBAA8 /* Resources */ = {
			isa = PBXGroup;
			children = (
				B6A859BF289275BB00912725 /* Audio */,
				94BEF125288E910E00B0683F /* Font */,
				0ABD56AB288534A2001DF711 /* AppDelegate.swift */,
				C688BE4728939B6C00E876B8 /* Jsons */,
				0ABD56AD288534A2001DF711 /* SceneDelegate.swift */,
				0ABD56B4288534A3001DF711 /* Assets.xcassets */,
				C651EA002885483C002BBAA8 /* Feed.json */,
			);
			path = Resources;
			sourceTree = "<group>";
		};
		C651EA0228855081002BBAA8 /* Extension */ = {
			isa = PBXGroup;
			children = (
				9409743A2893D567007A9B6A /* FontExtension.swift */,
				0ABD56DB28853555001DF711 /* Extensions.swift */,
				0ABD56F028857F9B001DF711 /* TextFieldExtension.swift */,
				0ABD59C62885B11600B70589 /* LayerExtension.swift */,
				0ABD5A0A2888471B00B70589 /* StringExtension.swift */,
				943264D9288A9C2E003A789A /* SpectrogramExtension.swift */,
			);
			path = Extension;
			sourceTree = "<group>";
		};
		C688BE4728939B6C00E876B8 /* Jsons */ = {
			isa = PBXGroup;
			children = (
				C688BE4828939B9000E876B8 /* UserOwnedFeeds.json */,
				C688BE4A28939BA700E876B8 /* UserContributedFeeds.json */,
			);
			path = Jsons;
			sourceTree = "<group>";
		};
/* End PBXGroup section */

/* Begin PBXNativeTarget section */
		0ABD56A7288534A2001DF711 /* Wavegram */ = {
			isa = PBXNativeTarget;
			buildConfigurationList = 0ABD56D2288534A3001DF711 /* Build configuration list for PBXNativeTarget "Wavegram" */;
			buildPhases = (
				0ABD56A4288534A2001DF711 /* Sources */,
				0ABD56A5288534A2001DF711 /* Frameworks */,
				0ABD56A6288534A2001DF711 /* Resources */,
			);
			buildRules = (
			);
			dependencies = (
			);
			name = Wavegram;
			productName = Wavegram;
			productReference = 0ABD56A8288534A2001DF711 /* Wavegram.app */;
			productType = "com.apple.product-type.application";
		};
		0ABD56BD288534A3001DF711 /* WavegramTests */ = {
			isa = PBXNativeTarget;
			buildConfigurationList = 0ABD56D5288534A3001DF711 /* Build configuration list for PBXNativeTarget "WavegramTests" */;
			buildPhases = (
				0ABD56BA288534A3001DF711 /* Sources */,
				0ABD56BB288534A3001DF711 /* Frameworks */,
				0ABD56BC288534A3001DF711 /* Resources */,
			);
			buildRules = (
			);
			dependencies = (
				0ABD56C0288534A3001DF711 /* PBXTargetDependency */,
			);
			name = WavegramTests;
			productName = WavegramTests;
			productReference = 0ABD56BE288534A3001DF711 /* WavegramTests.xctest */;
			productType = "com.apple.product-type.bundle.unit-test";
		};
		0ABD56C7288534A3001DF711 /* WavegramUITests */ = {
			isa = PBXNativeTarget;
			buildConfigurationList = 0ABD56D8288534A3001DF711 /* Build configuration list for PBXNativeTarget "WavegramUITests" */;
			buildPhases = (
				0ABD56C4288534A3001DF711 /* Sources */,
				0ABD56C5288534A3001DF711 /* Frameworks */,
				0ABD56C6288534A3001DF711 /* Resources */,
			);
			buildRules = (
			);
			dependencies = (
				0ABD56CA288534A3001DF711 /* PBXTargetDependency */,
			);
			name = WavegramUITests;
			productName = WavegramUITests;
			productReference = 0ABD56C8288534A3001DF711 /* WavegramUITests.xctest */;
			productType = "com.apple.product-type.bundle.ui-testing";
		};
/* End PBXNativeTarget section */

/* Begin PBXProject section */
		0ABD56A0288534A2001DF711 /* Project object */ = {
			isa = PBXProject;
			attributes = {
				BuildIndependentTargetsInParallel = 1;
				LastSwiftUpdateCheck = 1340;
				LastUpgradeCheck = 1340;
				TargetAttributes = {
					0ABD56A7288534A2001DF711 = {
						CreatedOnToolsVersion = 13.4.1;
					};
					0ABD56BD288534A3001DF711 = {
						CreatedOnToolsVersion = 13.4.1;
						TestTargetID = 0ABD56A7288534A2001DF711;
					};
					0ABD56C7288534A3001DF711 = {
						CreatedOnToolsVersion = 13.4.1;
						TestTargetID = 0ABD56A7288534A2001DF711;
					};
				};
			};
			buildConfigurationList = 0ABD56A3288534A2001DF711 /* Build configuration list for PBXProject "Wavegram" */;
			compatibilityVersion = "Xcode 13.0";
			developmentRegion = en;
			hasScannedForEncodings = 0;
			knownRegions = (
				en,
				Base,
			);
			mainGroup = 0ABD569F288534A2001DF711;
			productRefGroup = 0ABD56A9288534A2001DF711 /* Products */;
			projectDirPath = "";
			projectRoot = "";
			targets = (
				0ABD56A7288534A2001DF711 /* Wavegram */,
				0ABD56BD288534A3001DF711 /* WavegramTests */,
				0ABD56C7288534A3001DF711 /* WavegramUITests */,
			);
		};
/* End PBXProject section */

/* Begin PBXResourcesBuildPhase section */
		0ABD56A6288534A2001DF711 /* Resources */ = {
			isa = PBXResourcesBuildPhase;
			buildActionMask = 2147483647;
			files = (
				C651EA012885483C002BBAA8 /* Feed.json in Resources */,
				9409743D2893D573007A9B6A /* SFCompact.ttf in Resources */,
				C688BE4928939B9000E876B8 /* UserOwnedFeeds.json in Resources */,
				B6A859C3289275D400912725 /* exampleFile.mp3 in Resources */,
				0ABD56B5288534A3001DF711 /* Assets.xcassets in Resources */,
				B6A859C1289275CE00912725 /* happyDay.mp3 in Resources */,
			);
			runOnlyForDeploymentPostprocessing = 0;
		};
		0ABD56BC288534A3001DF711 /* Resources */ = {
			isa = PBXResourcesBuildPhase;
			buildActionMask = 2147483647;
			files = (
			);
			runOnlyForDeploymentPostprocessing = 0;
		};
		0ABD56C6288534A3001DF711 /* Resources */ = {
			isa = PBXResourcesBuildPhase;
			buildActionMask = 2147483647;
			files = (
			);
			runOnlyForDeploymentPostprocessing = 0;
		};
/* End PBXResourcesBuildPhase section */

/* Begin PBXSourcesBuildPhase section */
		0ABD56A4288534A2001DF711 /* Sources */ = {
			isa = PBXSourcesBuildPhase;
			buildActionMask = 2147483647;
			files = (
				0ABD56EC28853718001DF711 /* UserViewController.swift in Sources */,
				C651E9FC2885458D002BBAA8 /* FeedModel.swift in Sources */,
				B69B1DF4288ECA21000BB036 /* HomeFeedCollectionViewCell.swift in Sources */,
				94E382BF288FC61D00026EA8 /* SpectrogramViewController.swift in Sources */,
				0ABD5A0B2888471B00B70589 /* StringExtension.swift in Sources */,
				0ABD56EA28853701001DF711 /* SearchViewController.swift in Sources */,
				0ABD59C72885B11600B70589 /* LayerExtension.swift in Sources */,
				0ABD56E8288536DC001DF711 /* HomeViewController.swift in Sources */,
				0ABD56EF288575B1001DF711 /* ModifyPostViewController.swift in Sources */,
				943264DA288A9C2E003A789A /* SpectrogramExtension.swift in Sources */,
				C688BE4428925F5700E876B8 /* UserFeedCollectionViewCell.swift in Sources */,
				0ABD56AC288534A2001DF711 /* AppDelegate.swift in Sources */,
				0ABD56E428853691001DF711 /* MainTabBarViewController.swift in Sources */,
				0ABD5A092887EA7500B70589 /* NewUploadViewController.swift in Sources */,
				0ABD56AE288534A2001DF711 /* SceneDelegate.swift in Sources */,
				C651E9FE28854706002BBAA8 /* JsonManager.swift in Sources */,
				0ABD56F128857F9B001DF711 /* TextFieldExtension.swift in Sources */,
				9409743B2893D567007A9B6A /* FontExtension.swift in Sources */,
				B67F8F95289526110098083A /* UserSingleFeedViewController.swift in Sources */,
				C651E9FA288542C3002BBAA8 /* UserModel.swift in Sources */,
				0ABD56DC28853555001DF711 /* Extensions.swift in Sources */,
				C688BE4228925D4300E876B8 /* DataManager.swift in Sources */,
				59BEF7E2CE0DEA659F422C7B /* UserFeedCollectionReusableView.swift in Sources */,
				943264D6288A752D003A789A /* Spectrogram.swift in Sources */,
			);
			runOnlyForDeploymentPostprocessing = 0;
		};
		0ABD56BA288534A3001DF711 /* Sources */ = {
			isa = PBXSourcesBuildPhase;
			buildActionMask = 2147483647;
			files = (
			);
			runOnlyForDeploymentPostprocessing = 0;
		};
		0ABD56C4288534A3001DF711 /* Sources */ = {
			isa = PBXSourcesBuildPhase;
			buildActionMask = 2147483647;
			files = (
			);
			runOnlyForDeploymentPostprocessing = 0;
		};
/* End PBXSourcesBuildPhase section */

/* Begin PBXTargetDependency section */
		0ABD56C0288534A3001DF711 /* PBXTargetDependency */ = {
			isa = PBXTargetDependency;
			target = 0ABD56A7288534A2001DF711 /* Wavegram */;
			targetProxy = 0ABD56BF288534A3001DF711 /* PBXContainerItemProxy */;
		};
		0ABD56CA288534A3001DF711 /* PBXTargetDependency */ = {
			isa = PBXTargetDependency;
			target = 0ABD56A7288534A2001DF711 /* Wavegram */;
			targetProxy = 0ABD56C9288534A3001DF711 /* PBXContainerItemProxy */;
		};
/* End PBXTargetDependency section */

/* Begin XCBuildConfiguration section */
		0ABD56D0288534A3001DF711 /* Debug */ = {
			isa = XCBuildConfiguration;
			buildSettings = {
				ALWAYS_SEARCH_USER_PATHS = NO;
				CLANG_ANALYZER_NONNULL = YES;
				CLANG_ANALYZER_NUMBER_OBJECT_CONVERSION = YES_AGGRESSIVE;
				CLANG_CXX_LANGUAGE_STANDARD = "gnu++17";
				CLANG_ENABLE_MODULES = YES;
				CLANG_ENABLE_OBJC_ARC = YES;
				CLANG_ENABLE_OBJC_WEAK = YES;
				CLANG_WARN_BLOCK_CAPTURE_AUTORELEASING = YES;
				CLANG_WARN_BOOL_CONVERSION = YES;
				CLANG_WARN_COMMA = YES;
				CLANG_WARN_CONSTANT_CONVERSION = YES;
				CLANG_WARN_DEPRECATED_OBJC_IMPLEMENTATIONS = YES;
				CLANG_WARN_DIRECT_OBJC_ISA_USAGE = YES_ERROR;
				CLANG_WARN_DOCUMENTATION_COMMENTS = YES;
				CLANG_WARN_EMPTY_BODY = YES;
				CLANG_WARN_ENUM_CONVERSION = YES;
				CLANG_WARN_INFINITE_RECURSION = YES;
				CLANG_WARN_INT_CONVERSION = YES;
				CLANG_WARN_NON_LITERAL_NULL_CONVERSION = YES;
				CLANG_WARN_OBJC_IMPLICIT_RETAIN_SELF = YES;
				CLANG_WARN_OBJC_LITERAL_CONVERSION = YES;
				CLANG_WARN_OBJC_ROOT_CLASS = YES_ERROR;
				CLANG_WARN_QUOTED_INCLUDE_IN_FRAMEWORK_HEADER = YES;
				CLANG_WARN_RANGE_LOOP_ANALYSIS = YES;
				CLANG_WARN_STRICT_PROTOTYPES = YES;
				CLANG_WARN_SUSPICIOUS_MOVE = YES;
				CLANG_WARN_UNGUARDED_AVAILABILITY = YES_AGGRESSIVE;
				CLANG_WARN_UNREACHABLE_CODE = YES;
				CLANG_WARN__DUPLICATE_METHOD_MATCH = YES;
				COPY_PHASE_STRIP = NO;
				DEBUG_INFORMATION_FORMAT = dwarf;
				ENABLE_STRICT_OBJC_MSGSEND = YES;
				ENABLE_TESTABILITY = YES;
				GCC_C_LANGUAGE_STANDARD = gnu11;
				GCC_DYNAMIC_NO_PIC = NO;
				GCC_NO_COMMON_BLOCKS = YES;
				GCC_OPTIMIZATION_LEVEL = 0;
				GCC_PREPROCESSOR_DEFINITIONS = (
					"DEBUG=1",
					"$(inherited)",
				);
				GCC_WARN_64_TO_32_BIT_CONVERSION = YES;
				GCC_WARN_ABOUT_RETURN_TYPE = YES_ERROR;
				GCC_WARN_UNDECLARED_SELECTOR = YES;
				GCC_WARN_UNINITIALIZED_AUTOS = YES_AGGRESSIVE;
				GCC_WARN_UNUSED_FUNCTION = YES;
				GCC_WARN_UNUSED_VARIABLE = YES;
				IPHONEOS_DEPLOYMENT_TARGET = 15.5;
				MTL_ENABLE_DEBUG_INFO = INCLUDE_SOURCE;
				MTL_FAST_MATH = YES;
				ONLY_ACTIVE_ARCH = YES;
				SDKROOT = iphoneos;
				SWIFT_ACTIVE_COMPILATION_CONDITIONS = DEBUG;
				SWIFT_OPTIMIZATION_LEVEL = "-Onone";
			};
			name = Debug;
		};
		0ABD56D1288534A3001DF711 /* Release */ = {
			isa = XCBuildConfiguration;
			buildSettings = {
				ALWAYS_SEARCH_USER_PATHS = NO;
				CLANG_ANALYZER_NONNULL = YES;
				CLANG_ANALYZER_NUMBER_OBJECT_CONVERSION = YES_AGGRESSIVE;
				CLANG_CXX_LANGUAGE_STANDARD = "gnu++17";
				CLANG_ENABLE_MODULES = YES;
				CLANG_ENABLE_OBJC_ARC = YES;
				CLANG_ENABLE_OBJC_WEAK = YES;
				CLANG_WARN_BLOCK_CAPTURE_AUTORELEASING = YES;
				CLANG_WARN_BOOL_CONVERSION = YES;
				CLANG_WARN_COMMA = YES;
				CLANG_WARN_CONSTANT_CONVERSION = YES;
				CLANG_WARN_DEPRECATED_OBJC_IMPLEMENTATIONS = YES;
				CLANG_WARN_DIRECT_OBJC_ISA_USAGE = YES_ERROR;
				CLANG_WARN_DOCUMENTATION_COMMENTS = YES;
				CLANG_WARN_EMPTY_BODY = YES;
				CLANG_WARN_ENUM_CONVERSION = YES;
				CLANG_WARN_INFINITE_RECURSION = YES;
				CLANG_WARN_INT_CONVERSION = YES;
				CLANG_WARN_NON_LITERAL_NULL_CONVERSION = YES;
				CLANG_WARN_OBJC_IMPLICIT_RETAIN_SELF = YES;
				CLANG_WARN_OBJC_LITERAL_CONVERSION = YES;
				CLANG_WARN_OBJC_ROOT_CLASS = YES_ERROR;
				CLANG_WARN_QUOTED_INCLUDE_IN_FRAMEWORK_HEADER = YES;
				CLANG_WARN_RANGE_LOOP_ANALYSIS = YES;
				CLANG_WARN_STRICT_PROTOTYPES = YES;
				CLANG_WARN_SUSPICIOUS_MOVE = YES;
				CLANG_WARN_UNGUARDED_AVAILABILITY = YES_AGGRESSIVE;
				CLANG_WARN_UNREACHABLE_CODE = YES;
				CLANG_WARN__DUPLICATE_METHOD_MATCH = YES;
				COPY_PHASE_STRIP = NO;
				DEBUG_INFORMATION_FORMAT = "dwarf-with-dsym";
				ENABLE_NS_ASSERTIONS = NO;
				ENABLE_STRICT_OBJC_MSGSEND = YES;
				GCC_C_LANGUAGE_STANDARD = gnu11;
				GCC_NO_COMMON_BLOCKS = YES;
				GCC_WARN_64_TO_32_BIT_CONVERSION = YES;
				GCC_WARN_ABOUT_RETURN_TYPE = YES_ERROR;
				GCC_WARN_UNDECLARED_SELECTOR = YES;
				GCC_WARN_UNINITIALIZED_AUTOS = YES_AGGRESSIVE;
				GCC_WARN_UNUSED_FUNCTION = YES;
				GCC_WARN_UNUSED_VARIABLE = YES;
				IPHONEOS_DEPLOYMENT_TARGET = 15.5;
				MTL_ENABLE_DEBUG_INFO = NO;
				MTL_FAST_MATH = YES;
				SDKROOT = iphoneos;
				SWIFT_COMPILATION_MODE = wholemodule;
				SWIFT_OPTIMIZATION_LEVEL = "-O";
				VALIDATE_PRODUCT = YES;
			};
			name = Release;
		};
		0ABD56D3288534A3001DF711 /* Debug */ = {
			isa = XCBuildConfiguration;
			buildSettings = {
				ASSETCATALOG_COMPILER_APPICON_NAME = AppIcon;
				ASSETCATALOG_COMPILER_GLOBAL_ACCENT_COLOR_NAME = AccentColor;
				CODE_SIGN_STYLE = Automatic;
				CURRENT_PROJECT_VERSION = 1;
				DEVELOPMENT_TEAM = ZNH7978JJQ;
				GENERATE_INFOPLIST_FILE = YES;
				INFOPLIST_FILE = Wavegram/Info.plist;
				INFOPLIST_KEY_NSCameraUsageDescription = "카메라 사용 허용?";
				INFOPLIST_KEY_NSMicrophoneUsageDescription = "마이크 허용해줘잉";
				INFOPLIST_KEY_NSPhotoLibraryUsageDescription = "갤러리 사용 허용?";
				INFOPLIST_KEY_UIApplicationSupportsIndirectInputEvents = YES;
				INFOPLIST_KEY_UILaunchStoryboardName = LaunchScreen;
				INFOPLIST_KEY_UISupportedInterfaceOrientations_iPad = "UIInterfaceOrientationPortrait UIInterfaceOrientationPortraitUpsideDown UIInterfaceOrientationLandscapeLeft UIInterfaceOrientationLandscapeRight";
				INFOPLIST_KEY_UISupportedInterfaceOrientations_iPhone = "UIInterfaceOrientationPortrait UIInterfaceOrientationLandscapeLeft UIInterfaceOrientationLandscapeRight";
				INFOPLIST_KEY_UIUserInterfaceStyle = Dark;
				LD_RUNPATH_SEARCH_PATHS = (
					"$(inherited)",
					"@executable_path/Frameworks",
				);
				MARKETING_VERSION = 1.0;
				PRODUCT_BUNDLE_IDENTIFIER = com.Wavegram;
				PRODUCT_NAME = "$(TARGET_NAME)";
				SWIFT_EMIT_LOC_STRINGS = YES;
				SWIFT_VERSION = 5.0;
				TARGETED_DEVICE_FAMILY = "1,2";
			};
			name = Debug;
		};
		0ABD56D4288534A3001DF711 /* Release */ = {
			isa = XCBuildConfiguration;
			buildSettings = {
				ASSETCATALOG_COMPILER_APPICON_NAME = AppIcon;
				ASSETCATALOG_COMPILER_GLOBAL_ACCENT_COLOR_NAME = AccentColor;
				CODE_SIGN_STYLE = Automatic;
				CURRENT_PROJECT_VERSION = 1;
				DEVELOPMENT_TEAM = ZNH7978JJQ;
				GENERATE_INFOPLIST_FILE = YES;
				INFOPLIST_FILE = Wavegram/Info.plist;
				INFOPLIST_KEY_NSCameraUsageDescription = "카메라 사용 허용?";
				INFOPLIST_KEY_NSMicrophoneUsageDescription = "마이크 허용해줘잉";
				INFOPLIST_KEY_NSPhotoLibraryUsageDescription = "갤러리 사용 허용?";
				INFOPLIST_KEY_UIApplicationSupportsIndirectInputEvents = YES;
				INFOPLIST_KEY_UILaunchStoryboardName = LaunchScreen;
				INFOPLIST_KEY_UISupportedInterfaceOrientations_iPad = "UIInterfaceOrientationPortrait UIInterfaceOrientationPortraitUpsideDown UIInterfaceOrientationLandscapeLeft UIInterfaceOrientationLandscapeRight";
				INFOPLIST_KEY_UISupportedInterfaceOrientations_iPhone = "UIInterfaceOrientationPortrait UIInterfaceOrientationLandscapeLeft UIInterfaceOrientationLandscapeRight";
				INFOPLIST_KEY_UIUserInterfaceStyle = Dark;
				LD_RUNPATH_SEARCH_PATHS = (
					"$(inherited)",
					"@executable_path/Frameworks",
				);
				MARKETING_VERSION = 1.0;
				PRODUCT_BUNDLE_IDENTIFIER = com.Wavegram;
				PRODUCT_NAME = "$(TARGET_NAME)";
				SWIFT_EMIT_LOC_STRINGS = YES;
				SWIFT_VERSION = 5.0;
				TARGETED_DEVICE_FAMILY = "1,2";
			};
			name = Release;
		};
		0ABD56D6288534A3001DF711 /* Debug */ = {
			isa = XCBuildConfiguration;
			buildSettings = {
				ALWAYS_EMBED_SWIFT_STANDARD_LIBRARIES = YES;
				BUNDLE_LOADER = "$(TEST_HOST)";
				CODE_SIGN_STYLE = Automatic;
				CURRENT_PROJECT_VERSION = 1;
				DEVELOPMENT_TEAM = 5C2G42PP37;
				GENERATE_INFOPLIST_FILE = YES;
				IPHONEOS_DEPLOYMENT_TARGET = 15.5;
				MARKETING_VERSION = 1.0;
				PRODUCT_BUNDLE_IDENTIFIER = com.WavegramTests;
				PRODUCT_NAME = "$(TARGET_NAME)";
				SWIFT_EMIT_LOC_STRINGS = NO;
				SWIFT_VERSION = 5.0;
				TARGETED_DEVICE_FAMILY = "1,2";
				TEST_HOST = "$(BUILT_PRODUCTS_DIR)/Wavegram.app/Wavegram";
			};
			name = Debug;
		};
		0ABD56D7288534A3001DF711 /* Release */ = {
			isa = XCBuildConfiguration;
			buildSettings = {
				ALWAYS_EMBED_SWIFT_STANDARD_LIBRARIES = YES;
				BUNDLE_LOADER = "$(TEST_HOST)";
				CODE_SIGN_STYLE = Automatic;
				CURRENT_PROJECT_VERSION = 1;
				DEVELOPMENT_TEAM = 5C2G42PP37;
				GENERATE_INFOPLIST_FILE = YES;
				IPHONEOS_DEPLOYMENT_TARGET = 15.5;
				MARKETING_VERSION = 1.0;
				PRODUCT_BUNDLE_IDENTIFIER = com.WavegramTests;
				PRODUCT_NAME = "$(TARGET_NAME)";
				SWIFT_EMIT_LOC_STRINGS = NO;
				SWIFT_VERSION = 5.0;
				TARGETED_DEVICE_FAMILY = "1,2";
				TEST_HOST = "$(BUILT_PRODUCTS_DIR)/Wavegram.app/Wavegram";
			};
			name = Release;
		};
		0ABD56D9288534A3001DF711 /* Debug */ = {
			isa = XCBuildConfiguration;
			buildSettings = {
				ALWAYS_EMBED_SWIFT_STANDARD_LIBRARIES = YES;
				CODE_SIGN_STYLE = Automatic;
				CURRENT_PROJECT_VERSION = 1;
				DEVELOPMENT_TEAM = 5C2G42PP37;
				GENERATE_INFOPLIST_FILE = YES;
				MARKETING_VERSION = 1.0;
				PRODUCT_BUNDLE_IDENTIFIER = com.WavegramUITests;
				PRODUCT_NAME = "$(TARGET_NAME)";
				SWIFT_EMIT_LOC_STRINGS = NO;
				SWIFT_VERSION = 5.0;
				TARGETED_DEVICE_FAMILY = "1,2";
				TEST_TARGET_NAME = Wavegram;
			};
			name = Debug;
		};
		0ABD56DA288534A3001DF711 /* Release */ = {
			isa = XCBuildConfiguration;
			buildSettings = {
				ALWAYS_EMBED_SWIFT_STANDARD_LIBRARIES = YES;
				CODE_SIGN_STYLE = Automatic;
				CURRENT_PROJECT_VERSION = 1;
				DEVELOPMENT_TEAM = 5C2G42PP37;
				GENERATE_INFOPLIST_FILE = YES;
				MARKETING_VERSION = 1.0;
				PRODUCT_BUNDLE_IDENTIFIER = com.WavegramUITests;
				PRODUCT_NAME = "$(TARGET_NAME)";
				SWIFT_EMIT_LOC_STRINGS = NO;
				SWIFT_VERSION = 5.0;
				TARGETED_DEVICE_FAMILY = "1,2";
				TEST_TARGET_NAME = Wavegram;
			};
			name = Release;
		};
/* End XCBuildConfiguration section */

/* Begin XCConfigurationList section */
		0ABD56A3288534A2001DF711 /* Build configuration list for PBXProject "Wavegram" */ = {
			isa = XCConfigurationList;
			buildConfigurations = (
				0ABD56D0288534A3001DF711 /* Debug */,
				0ABD56D1288534A3001DF711 /* Release */,
			);
			defaultConfigurationIsVisible = 0;
			defaultConfigurationName = Release;
		};
		0ABD56D2288534A3001DF711 /* Build configuration list for PBXNativeTarget "Wavegram" */ = {
			isa = XCConfigurationList;
			buildConfigurations = (
				0ABD56D3288534A3001DF711 /* Debug */,
				0ABD56D4288534A3001DF711 /* Release */,
			);
			defaultConfigurationIsVisible = 0;
			defaultConfigurationName = Release;
		};
		0ABD56D5288534A3001DF711 /* Build configuration list for PBXNativeTarget "WavegramTests" */ = {
			isa = XCConfigurationList;
			buildConfigurations = (
				0ABD56D6288534A3001DF711 /* Debug */,
				0ABD56D7288534A3001DF711 /* Release */,
			);
			defaultConfigurationIsVisible = 0;
			defaultConfigurationName = Release;
		};
		0ABD56D8288534A3001DF711 /* Build configuration list for PBXNativeTarget "WavegramUITests" */ = {
			isa = XCConfigurationList;
			buildConfigurations = (
				0ABD56D9288534A3001DF711 /* Debug */,
				0ABD56DA288534A3001DF711 /* Release */,
			);
			defaultConfigurationIsVisible = 0;
			defaultConfigurationName = Release;
		};
/* End XCConfigurationList section */
	};
	rootObject = 0ABD56A0288534A2001DF711 /* Project object */;
}
